dmitri.shuralyov.com/gpu/mtl v0.0.0-20190408044501-666a987793e9/go.mod h1:H6x//7gZCb22OMCxBHrMx7a5I7Hp++hsVxbQ4BYO7hU=
gioui.org v0.0.0-20200618124658-602d54dc5ef7 h1:PH02mpvkp5MNZcqi/wWY+YJTG5kvvuyc6kJ/efTGfXE=
gioui.org v0.0.0-20200618124658-602d54dc5ef7/go.mod h1:jiUwifN9cRl/zmco43aAqh0aV+s9GbhG13KcD+gEpkU=
github.com/BurntSushi/xgb v0.0.0-20160522181843-27f122750802/go.mod h1:IVnqGOEym/WlBOVXweHU+Q+/VP0lqqI8lqeDx9IjBqo=
github.com/agl/ed25519 v0.0.0-20170116200512-5312a6153412 h1:w1UutsfOrms1J05zt7ISrnJIXKzwaspym5BTKGx93EI=
github.com/agl/ed25519 v0.0.0-20170116200512-5312a6153412/go.mod h1:WPjqKcmVOxf0XSf3YxCJs6N6AOSrOx3obionmG7T0y0=
github.com/atotto/clipboard v0.1.2 h1:YZCtFu5Ie8qX2VmVTBnrqLSiU9XOWwqNRmdT3gIQzbY=
github.com/atotto/clipboard v0.1.2/go.mod h1:ZY9tmq7sm5xIbd9bOK4onWV4S6X0u6GY7Vn0Yu86PYI=
github.com/davecgh/go-spew v1.1.0/go.mod h1:J7Y8YcW2NihsgmVo/mv3lAwl/skON4iLHjSsI+c5H38=
github.com/davecgh/go-spew v1.1.1/go.mod h1:J7Y8YcW2NihsgmVo/mv3lAwl/skON4iLHjSsI+c5H38=
github.com/dchest/blake256 v1.0.0/go.mod h1:xXNWCE1jsAP8DAjP+rKw2MbeqLczjI3TRx2VK+9OEYY=
github.com/decred/base58 v1.0.0/go.mod h1:LLY1p5e3g91byL/UO1eiZaYd+uRoVRarybgcoymu9Ks=
github.com/decred/base58 v1.0.1 h1:w5qTcb0hYpKuIBYIn4Ckirkj1aOWrSq8onPQpb3eGg8=
github.com/decred/base58 v1.0.1/go.mod h1:H2ENcsJjye1G7CbRa67kV9OFaui0LGr56ntKKoY5g9c=
github.com/decred/dcrd/chaincfg/chainhash v1.0.1/go.mod h1:OVfvaOsNLS/A1y4Eod0Ip/Lf8qga7VXCQjUQLbkY0Go=
github.com/decred/dcrd/chaincfg/chainhash v1.0.2 h1:rt5Vlq/jM3ZawwiacWjPa+smINyLRN07EO0cNBV6DGU=
github.com/decred/dcrd/chaincfg/chainhash v1.0.2/go.mod h1:BpbrGgrPTr3YJYRN3Bm+D9NuaFd+zGyNeIKgrhCXK60=
github.com/decred/dcrd/chaincfg/v2 v2.0.2/go.mod h1:hpKvhLCDAD/xDZ3V1Pqpv9fIKVYYi11DyxETguazyvg=
github.com/decred/dcrd/chaincfg/v2 v2.3.0 h1:ItmU+7DeUtyiabrcW+16MJFgY/BBeeYaPfkBLrFLyjo=
github.com/decred/dcrd/chaincfg/v2 v2.3.0/go.mod h1:7qUJTvn+y/kswSRZ4sT2+EmvlDTDyy2InvNFtX/hxk0=
github.com/decred/dcrd/crypto/blake256 v1.0.0 h1:/8DMNYp9SGi5f0w7uCm6d6M4OU2rGFK09Y2A4Xv7EE0=
github.com/decred/dcrd/crypto/blake256 v1.0.0/go.mod h1:sQl2p6Y26YV+ZOcSTP6thNdn47hh8kt6rqSlvmrXFAc=
github.com/decred/dcrd/crypto/ripemd160 v1.0.0 h1:MciTnR4NfBqDFRFjFkrn8WPLP4Vo7t6ww6ghfn6wcXQ=
github.com/decred/dcrd/crypto/ripemd160 v1.0.0/go.mod h1:F0H8cjIuWTRoixr/LM3REB8obcWkmYx0gbxpQWR8RPg=
github.com/decred/dcrd/dcrec v1.0.0 h1:W+z6Es+Rai3MXYVoPAxYr5U1DGis0Co33scJ6uH2J6o=
github.com/decred/dcrd/dcrec v1.0.0/go.mod h1:HIaqbEJQ+PDzQcORxnqen5/V1FR3B4VpIfmePklt8Q8=
github.com/decred/dcrd/dcrec/edwards v1.0.0 h1:UDcPNzclKiJlWqV3x1Fl8xMCJrolo4PB4X9t8LwKDWU=
github.com/decred/dcrd/dcrec/edwards v1.0.0/go.mod h1:HblVh1OfMt7xSxUL1ufjToaEvpbjpWvvTAUx4yem8BI=
github.com/decred/dcrd/dcrec/edwards/v2 v2.0.0 h1:E5KszxGgpjpmW8vN811G6rBAZg0/S/DftdGqN4FW5x4=
github.com/decred/dcrd/dcrec/edwards/v2 v2.0.0/go.mod h1:d0H8xGMWbiIQP7gN3v2rByWUcuZPm9YsgmnfoxgbINc=
github.com/decred/dcrd/dcrec/secp256k1 v1.0.1/go.mod h1:lhu4eZFSfTJWUnR3CFRcpD+Vta0KUAqnhTsTksHXgy0=
github.com/decred/dcrd/dcrec/secp256k1 v1.0.2/go.mod h1:CHTUIVfmDDd0KFVFpNX1pFVCBUegxW387nN0IGwNKR0=
github.com/decred/dcrd/dcrec/secp256k1 v1.0.3 h1:u4XpHqlscRolxPxt2YHrFBDVZYY1AK+KMV02H1r+HmU=
github.com/decred/dcrd/dcrec/secp256k1 v1.0.3/go.mod h1:eCL8H4MYYjRvsw2TuANvEOcVMFbmi9rt/6hJUWU5wlU=
github.com/decred/dcrd/dcrec/secp256k1/v2 v2.0.0 h1:3GIJYXQDAKpLEFriGFN8SbSffak10UXHGdIcFaMPykY=
github.com/decred/dcrd/dcrec/secp256k1/v2 v2.0.0/go.mod h1:3s92l0paYkZoIHuj4X93Teg/HB7eGM9x/zokGw+u4mY=
github.com/decred/dcrd/dcrutil/v2 v2.0.0/go.mod h1:gUshVAXpd51DlcEhr51QfWL2HJGkMDM1U8chY+9VvQg=
github.com/decred/dcrd/dcrutil/v2 v2.0.1 h1:aL+c7o7Q66HV1gIif+XkNYo9DeorN3l01Vns8mh0mqs=
github.com/decred/dcrd/dcrutil/v2 v2.0.1/go.mod h1:JdEgF6eh0TTohPeiqDxqDSikTSvAczq0J7tFMyyeD+k=
github.com/decred/dcrd/hdkeychain/v2 v2.0.1 h1:LnMLuPDx6j1/7ywGdfX5onPOsa98yObzBIJrp+nK4Qo=
github.com/decred/dcrd/hdkeychain/v2 v2.0.1/go.mod h1:qPv+vTla19liVHFuXVnQ70dMI4ERPCniDXbV5RzwQiM=
github.com/decred/dcrd/wire v1.2.0/go.mod h1:/JKOsLInOJu6InN+/zH5AyCq3YDIOW/EqcffvU8fJHM=
github.com/decred/dcrd/wire v1.3.0 h1:X76I2/a8esUmxXmFpJpAvXEi014IA4twgwcOBeIS8lE=
github.com/decred/dcrd/wire v1.3.0/go.mod h1:fnKGlUY2IBuqnpxx5dYRU5Oiq392OBqAuVjRVSkIoXM=
github.com/decred/dcrwallet/errors/v2 v2.0.0 h1:b3QHoQNjKkrcO0GSpueeHvFKp5eqtRv9aw649MDyejA=
github.com/decred/dcrwallet/errors/v2 v2.0.0/go.mod h1:2HYvtRuCE9XqDNCWhKmBuzLG364xUgcUIsJu02r0F5Q=
github.com/decred/dcrwallet/pgpwordlist v1.0.1 h1:SIGGOEQ+hNFDr/1wJOf8XAKxEw4zooKIpjLNQSxGjH8=
github.com/decred/dcrwallet/pgpwordlist v1.0.1/go.mod h1:lPHIIVPkuRNwCfBPSr80kjR+6a2Vpm3nsUeUoUIPPQ4=
github.com/decred/dcrwallet/walletseed v1.0.3 h1:ariTxrKOuC+hJsOzkLcZi62PEq9jSxpZ0IdSyhRYSvc=
github.com/decred/dcrwallet/walletseed v1.0.3/go.mod h1:um6YRdr3fPJbg6bM9aDgq4w4SHxaAb59y73jyEHkYzQ=
github.com/go-gl/glfw v0.0.0-20190409004039-e6da0acd62b1/go.mod h1:vR7hzQXu2zJy9AVAgeJqvqgH9Q5CA+iKCZ2gyEVpxRU=
github.com/go-gl/glfw/v3.3/glfw v0.0.0-20200222043503-6f7a984d4dc4/go.mod h1:tQ2UAYgL5IevRw8kRxooKSPJfGvJ9fJQFa0TUsXzTg8=
github.com/gobuffalo/here v0.6.0 h1:hYrd0a6gDmWxBM4TnrGw8mQg24iSVoIkHEk7FodQcBI=
github.com/gobuffalo/here v0.6.0/go.mod h1:wAG085dHOYqUpf+Ap+WOdrPTp5IYcDAs/x7PLa8Y5fM=
github.com/kr/pretty v0.1.0/go.mod h1:dAy3ld7l9f0ibDNOQOHHMYYIIbhfbHSm3C4ZsoJORNo=
github.com/kr/pty v1.1.1/go.mod h1:pFQYn66WHrOpPYNljwOMqo10TkYh1fy3cYio2l3bCsQ=
github.com/kr/text v0.1.0/go.mod h1:4Jbv+DJW3UT/LiOwJeYQe1efqtUx/iVham/4vfdArNI=
github.com/markbates/pkger v0.17.0 h1:RFfyBPufP2V6cddUyyEVSHBpaAnM1WzaMNyqomeT+iY=
github.com/markbates/pkger v0.17.0/go.mod h1:0JoVlrol20BSywW79rN3kdFFsE5xYM+rSCQDXbLhiuI=
github.com/pmezard/go-difflib v1.0.0/go.mod h1:iKH77koFhYxTK1pcRnkKkqfTogsbg7gZNVY4sRDYZ/4=
github.com/stretchr/objx v0.1.0/go.mod h1:HFkY916IF+rwdDfMAkV7OtwuqBVzrE8GR6GFx+wExME=
github.com/stretchr/testify v1.4.0/go.mod h1:j7eGeouHqKxXV5pUuKE4zz7dFj8WfuZ+81PSLYec5m4=
golang.org/x/crypto v0.0.0-20190308221718-c2843e01d9a2/go.mod h1:djNgcEr1/C05ACkg1iLfiJU5Ep61QUkGW8qpdssI0+w=
golang.org/x/crypto v0.0.0-20190510104115-cbcb75029529/go.mod h1:yigFU9vqHzYiE8UmvKecakEJjdnWj3jj499lnFckfCI=
golang.org/x/crypto v0.0.0-20190611184440-5c40567a22f8/go.mod h1:yigFU9vqHzYiE8UmvKecakEJjdnWj3jj499lnFckfCI=
golang.org/x/crypto v0.0.0-20191011191535-87dc89f01550/go.mod h1:yigFU9vqHzYiE8UmvKecakEJjdnWj3jj499lnFckfCI=
golang.org/x/exp v0.0.0-20190306152737-a1d7652674e8/go.mod h1:CJ0aWSM057203Lf6IL+f9T1iT9GByDxfZKAQTCR3kQA=
golang.org/x/exp v0.0.0-20191002040644-a1355ae1e2c3/go.mod h1:NOZ3BPKG0ec/BKJQgnvsSFpcKLM5xXVWnvZS97DWHgE=
golang.org/x/exp v0.0.0-20200513190911-00229845015e h1:rMqLP+9XLy+LdbCXHjJHAmTfXCr93W7oruWA6Hq1Alc=
golang.org/x/exp v0.0.0-20200513190911-00229845015e/go.mod h1:4M0jN8W1tt0AVLNr8HDosyJCDCDuyL9N9+3m7wDWgKw=
golang.org/x/image v0.0.0-20190227222117-0694c2d4d067/go.mod h1:kZ7UVZpmo3dzQBMxlp+ypCbDeSB+sBbTgSJuh5dn5js=
golang.org/x/image v0.0.0-20190802002840-cff245a6509b/go.mod h1:FeLwcggjj3mMvU+oOTbSwawSJRM1uh48EjtB4UJZlP0=
golang.org/x/image v0.0.0-20200618115811-c13761719519 h1:1e2ufUJNM3lCHEY5jIgac/7UTjd6cgJNdatjPdFWf34=
golang.org/x/image v0.0.0-20200618115811-c13761719519/go.mod h1:FeLwcggjj3mMvU+oOTbSwawSJRM1uh48EjtB4UJZlP0=
golang.org/x/mobile v0.0.0-20190719004257-d2bd2a29d028/go.mod h1:E/iHnbuqvinMTCcRqshq8CkpyQDoeVncDDYHnLhea+o=
golang.org/x/mod v0.1.0/go.mod h1:0QHyrYULN0/3qlju5TqG8bIK38QM8yzMo5ekMj3DlcY=
golang.org/x/mod v0.1.1-0.20191105210325-c90efee705ee/go.mod h1:QqPTAvyqsEbceGzBzNggFXnrqF1CaUcvgkdR5Ot7KZg=
golang.org/x/mod v0.1.1-0.20191107180719-034126e5016b/go.mod h1:QqPTAvyqsEbceGzBzNggFXnrqF1CaUcvgkdR5Ot7KZg=
golang.org/x/net v0.0.0-20190404232315-eb5bcb51f2a3/go.mod h1:t9HGtf8HONx5eT2rtn7q6eTqICYqUVnKs3thJo3Qplg=
golang.org/x/net v0.0.0-20190620200207-3b0461eec859/go.mod h1:z5CRVTTTmAJ677TzLLGU+0bjPO0LkuOLi4/5GtJWs/s=
golang.org/x/sync v0.0.0-20190423024810-112230192c58/go.mod h1:RxMgew5VJxzue5/jJTE5uejpjVlOe/izrB70Jof72aM=
golang.org/x/sys v0.0.0-20190215142949-d0b11bdaac8a/go.mod h1:STP8DvDyc/dI5b8T5hshtkjS+E42TnysNCUPdjciGhY=
golang.org/x/sys v0.0.0-20190312061237-fead79001313/go.mod h1:h1NjWce9XRLGQEsW7wpKNCjG9DtNlClVuFLEZdDNbEs=
golang.org/x/sys v0.0.0-20190412213103-97732733099d/go.mod h1:h1NjWce9XRLGQEsW7wpKNCjG9DtNlClVuFLEZdDNbEs=
golang.org/x/sys v0.0.0-20191001151750-bb3f8db39f24/go.mod h1:h1NjWce9XRLGQEsW7wpKNCjG9DtNlClVuFLEZdDNbEs=
golang.org/x/sys v0.0.0-20200124204421-9fbb57f87de9 h1:1/DFK4b7JH8DmkqhUk48onnSfrPzImPoVxuomtbT2nk=
golang.org/x/sys v0.0.0-20200124204421-9fbb57f87de9/go.mod h1:h1NjWce9XRLGQEsW7wpKNCjG9DtNlClVuFLEZdDNbEs=
golang.org/x/text v0.3.0 h1:g61tztE5qeGQ89tm6NTjjM9VPIm088od1l6aSorWRWg=
golang.org/x/text v0.3.0/go.mod h1:NqM8EUOU14njkJ3fqMW+pc6Ldnwhi/IjpwHt7yyuwOQ=
golang.org/x/tools v0.0.0-20190927191325-030b2cf1153e/go.mod h1:b+2E5dAYhXwXZwtnZ6UAqBI28+e2cm9otk0dWdXHAEo=
golang.org/x/tools v0.0.0-20200207183749-b753a1ba74fa/go.mod h1:TB2adYChydJhpapKDTa4BR/hXlZSLoq2Wpct/0txZ28=
golang.org/x/xerrors v0.0.0-20190717185122-a985d3407aa7/go.mod h1:I/5z698sn9Ka8TeJc9MKroUUfqBBauWjQqLJ2OPfmY0=
golang.org/x/xerrors v0.0.0-20191011141410-1b5146add898 h1:/atklqdjdhuosWIl6AIbOeHJjicWYPqR9bpxqxYG2pA=
golang.org/x/xerrors v0.0.0-20191011141410-1b5146add898/go.mod h1:I/5z698sn9Ka8TeJc9MKroUUfqBBauWjQqLJ2OPfmY0=
gopkg.in/check.v1 v0.0.0-20161208181325-20d25e280405/go.mod h1:Co6ibVJAznAaIkqp8huTwlJQCZ016jof/cbN4VW5Yz0=
gopkg.in/check.v1 v1.0.0-20180628173108-788fd7840127/go.mod h1:Co6ibVJAznAaIkqp8huTwlJQCZ016jof/cbN4VW5Yz0=
gopkg.in/yaml.v2 v2.2.2/go.mod h1:hI93XBmqTisBFMUTm0b8Fm+jr3Dg1NNxqwp+5A1VGuI=
gopkg.in/yaml.v2 v2.2.7/go.mod h1:hI93XBmqTisBFMUTm0b8Fm+jr3Dg1NNxqwp+5A1VGuI=
